
Microsoft Visual Studio Solution File, Format Version 12.00
# Visual Studio Version 17
VisualStudioVersion = 17.3.32922.545
MinimumVisualStudioVersion = 10.0.40219.1
Project("{FAE04EC0-301F-11D3-BF4B-00C04F79EFBC}") = "TRPO-Lab3.ConsoleApp", "TRPO-Lab3.ConsoleApp\TRPO-Lab3.ConsoleApp.csproj", "{221D2DE5-525C-4570-A3D8-BF5E8ADDC6DC}"
EndProject
Project("{FAE04EC0-301F-11D3-BF4B-00C04F79EFBC}") = "TRPO-Lab3.Lib", "TRPO-Lab3.Lib\TRPO-Lab3.Lib.csproj", "{33761033-0B30-4973-8A00-0471073CEA9F}"
EndProject
Project("{FAE04EC0-301F-11D3-BF4B-00C04F79EFBC}") = "TRPO-Lab3.Tests", "TRPO-Lab3.Tests\TRPO-Lab3.Tests.csproj", "{12D63DA0-E4BA-4C91-BFE0-944AD03A0CCA}"
EndProject
Global
	GlobalSection(SolutionConfigurationPlatforms) = preSolution
		Debug|Any CPU = Debug|Any CPU
		Release|Any CPU = Release|Any CPU
	EndGlobalSection
	GlobalSection(ProjectConfigurationPlatforms) = postSolution
		{221D2DE5-525C-4570-A3D8-BF5E8ADDC6DC}.Debug|Any CPU.ActiveCfg = Debug|Any CPU
		{221D2DE5-525C-4570-A3D8-BF5E8ADDC6DC}.Debug|Any CPU.Build.0 = Debug|Any CPU
		{221D2DE5-525C-4570-A3D8-BF5E8ADDC6DC}.Release|Any CPU.ActiveCfg = Release|Any CPU
		{221D2DE5-525C-4570-A3D8-BF5E8ADDC6DC}.Release|Any CPU.Build.0 = Release|Any CPU
		{33761033-0B30-4973-8A00-0471073CEA9F}.Debug|Any CPU.ActiveCfg = Debug|Any CPU
		{33761033-0B30-4973-8A00-0471073CEA9F}.Debug|Any CPU.Build.0 = Debug|Any CPU
		{33761033-0B30-4973-8A00-0471073CEA9F}.Release|Any CPU.ActiveCfg = Release|Any CPU
		{33761033-0B30-4973-8A00-0471073CEA9F}.Release|Any CPU.Build.0 = Release|Any CPU
		{12D63DA0-E4BA-4C91-BFE0-944AD03A0CCA}.Debug|Any CPU.ActiveCfg = Debug|Any CPU
		{12D63DA0-E4BA-4C91-BFE0-944AD03A0CCA}.Debug|Any CPU.Build.0 = Debug|Any CPU
		{12D63DA0-E4BA-4C91-BFE0-944AD03A0CCA}.Release|Any CPU.ActiveCfg = Release|Any CPU
		{12D63DA0-E4BA-4C91-BFE0-944AD03A0CCA}.Release|Any CPU.Build.0 = Release|Any CPU
	EndGlobalSection
	GlobalSection(SolutionProperties) = preSolution
		HideSolutionNode = FALSE
	EndGlobalSection
	GlobalSection(ExtensibilityGlobals) = postSolution
		SolutionGuid = {B81C61BE-A33B-48C3-8A3E-11830A8B7127}
	EndGlobalSection
EndGlobal
